// !$*UTF8*$!
{
	archiveVersion = 1;
	classes = {
	};
	objectVersion = 46;
	objects = {

/* Begin PBXBuildFile section */
		01617F946E63C86F8AB70E16 /* Pods_doppel_twitterTests.framework in Frameworks */ = {isa = PBXBuildFile; fileRef = 734ABD442E60459E76C52D6B /* Pods_doppel_twitterTests.framework */; };
		2B9FF4E28628AC812E74CCF2 /* Pods_doppel_twitter.framework in Frameworks */ = {isa = PBXBuildFile; fileRef = 2B76AF41F30A71296397A53C /* Pods_doppel_twitter.framework */; };
		C10410691E738BA2001F55AD /* ProfileViewController.swift in Sources */ = {isa = PBXBuildFile; fileRef = C10410681E738BA2001F55AD /* ProfileViewController.swift */; };
		C104106B1E738CEA001F55AD /* HomeTimeViewController.swift in Sources */ = {isa = PBXBuildFile; fileRef = C104106A1E738CEA001F55AD /* HomeTimeViewController.swift */; };
		C104106D1E738DC0001F55AD /* ComposeViewController.swift in Sources */ = {isa = PBXBuildFile; fileRef = C104106C1E738DC0001F55AD /* ComposeViewController.swift */; };
		C104106F1E738DE6001F55AD /* TweetDetailsViewController.swift in Sources */ = {isa = PBXBuildFile; fileRef = C104106E1E738DE6001F55AD /* TweetDetailsViewController.swift */; };
		C12CF76B1E5D30B300B3C79A /* AppDelegate.swift in Sources */ = {isa = PBXBuildFile; fileRef = C12CF76A1E5D30B300B3C79A /* AppDelegate.swift */; };
		C12CF76D1E5D30B300B3C79A /* LoginViewController.swift in Sources */ = {isa = PBXBuildFile; fileRef = C12CF76C1E5D30B300B3C79A /* LoginViewController.swift */; };
		C12CF7701E5D30B300B3C79A /* Main.storyboard in Resources */ = {isa = PBXBuildFile; fileRef = C12CF76E1E5D30B300B3C79A /* Main.storyboard */; };
		C12CF7721E5D30B300B3C79A /* Assets.xcassets in Resources */ = {isa = PBXBuildFile; fileRef = C12CF7711E5D30B300B3C79A /* Assets.xcassets */; };
		C12CF7751E5D30B300B3C79A /* LaunchScreen.storyboard in Resources */ = {isa = PBXBuildFile; fileRef = C12CF7731E5D30B300B3C79A /* LaunchScreen.storyboard */; };
		C12CF7801E5D30B300B3C79A /* doppel_twitterTests.swift in Sources */ = {isa = PBXBuildFile; fileRef = C12CF77F1E5D30B300B3C79A /* doppel_twitterTests.swift */; };
		C12CF78B1E5D30B300B3C79A /* doppel_twitterUITests.swift in Sources */ = {isa = PBXBuildFile; fileRef = C12CF78A1E5D30B300B3C79A /* doppel_twitterUITests.swift */; };
		C136F8821E62AEB900825B23 /* TwitterViewController.swift in Sources */ = {isa = PBXBuildFile; fileRef = C136F8811E62AEB900825B23 /* TwitterViewController.swift */; };
		C136F8861E66510700825B23 /* User.swift in Sources */ = {isa = PBXBuildFile; fileRef = C136F8851E66510700825B23 /* User.swift */; };
		C136F8881E665CC400825B23 /* Tweet.swift in Sources */ = {isa = PBXBuildFile; fileRef = C136F8871E665CC400825B23 /* Tweet.swift */; };
		C136F88A1E6665DB00825B23 /* TweetViewCell.swift in Sources */ = {isa = PBXBuildFile; fileRef = C136F8891E6665DB00825B23 /* TweetViewCell.swift */; };
		C136F88C1E66679B00825B23 /* TwitterClient.swift in Sources */ = {isa = PBXBuildFile; fileRef = C136F88B1E66679B00825B23 /* TwitterClient.swift */; };
		DB200263CFDF4269891D87ED /* Pods_doppel_twitterUITests.framework in Frameworks */ = {isa = PBXBuildFile; fileRef = 594FF45431E6E6FB50689DAC /* Pods_doppel_twitterUITests.framework */; };
/* End PBXBuildFile section */

/* Begin PBXContainerItemProxy section */
		C12CF77C1E5D30B300B3C79A /* PBXContainerItemProxy */ = {
			isa = PBXContainerItemProxy;
			containerPortal = C12CF75F1E5D30B300B3C79A /* Project object */;
			proxyType = 1;
			remoteGlobalIDString = C12CF7661E5D30B300B3C79A;
			remoteInfo = "doppel twitter";
		};
		C12CF7871E5D30B300B3C79A /* PBXContainerItemProxy */ = {
			isa = PBXContainerItemProxy;
			containerPortal = C12CF75F1E5D30B300B3C79A /* Project object */;
			proxyType = 1;
			remoteGlobalIDString = C12CF7661E5D30B300B3C79A;
			remoteInfo = "doppel twitter";
		};
/* End PBXContainerItemProxy section */

/* Begin PBXFileReference section */
		2094C48AE71CB046A7F498BB /* Pods-doppel twitter.release.xcconfig */ = {isa = PBXFileReference; includeInIndex = 1; lastKnownFileType = text.xcconfig; name = "Pods-doppel twitter.release.xcconfig"; path = "Pods/Target Support Files/Pods-doppel twitter/Pods-doppel twitter.release.xcconfig"; sourceTree = "<group>"; };
		2B76AF41F30A71296397A53C /* Pods_doppel_twitter.framework */ = {isa = PBXFileReference; explicitFileType = wrapper.framework; includeInIndex = 0; path = Pods_doppel_twitter.framework; sourceTree = BUILT_PRODUCTS_DIR; };
		594FF45431E6E6FB50689DAC /* Pods_doppel_twitterUITests.framework */ = {isa = PBXFileReference; explicitFileType = wrapper.framework; includeInIndex = 0; path = Pods_doppel_twitterUITests.framework; sourceTree = BUILT_PRODUCTS_DIR; };
		7041E2BAB5FEB89E85A76766 /* Pods-doppel twitterTests.release.xcconfig */ = {isa = PBXFileReference; includeInIndex = 1; lastKnownFileType = text.xcconfig; name = "Pods-doppel twitterTests.release.xcconfig"; path = "Pods/Target Support Files/Pods-doppel twitterTests/Pods-doppel twitterTests.release.xcconfig"; sourceTree = "<group>"; };
		734ABD442E60459E76C52D6B /* Pods_doppel_twitterTests.framework */ = {isa = PBXFileReference; explicitFileType = wrapper.framework; includeInIndex = 0; path = Pods_doppel_twitterTests.framework; sourceTree = BUILT_PRODUCTS_DIR; };
		7783B9EC036DAF6BF0A3D22F /* Pods-doppel twitterUITests.debug.xcconfig */ = {isa = PBXFileReference; includeInIndex = 1; lastKnownFileType = text.xcconfig; name = "Pods-doppel twitterUITests.debug.xcconfig"; path = "Pods/Target Support Files/Pods-doppel twitterUITests/Pods-doppel twitterUITests.debug.xcconfig"; sourceTree = "<group>"; };
		859450143100F858891DD8DE /* Pods-doppel twitterTests.debug.xcconfig */ = {isa = PBXFileReference; includeInIndex = 1; lastKnownFileType = text.xcconfig; name = "Pods-doppel twitterTests.debug.xcconfig"; path = "Pods/Target Support Files/Pods-doppel twitterTests/Pods-doppel twitterTests.debug.xcconfig"; sourceTree = "<group>"; };
		9046FFD32B4E13B331060B37 /* Pods-doppel twitterUITests.release.xcconfig */ = {isa = PBXFileReference; includeInIndex = 1; lastKnownFileType = text.xcconfig; name = "Pods-doppel twitterUITests.release.xcconfig"; path = "Pods/Target Support Files/Pods-doppel twitterUITests/Pods-doppel twitterUITests.release.xcconfig"; sourceTree = "<group>"; };
		C10410681E738BA2001F55AD /* ProfileViewController.swift */ = {isa = PBXFileReference; fileEncoding = 4; lastKnownFileType = sourcecode.swift; path = ProfileViewController.swift; sourceTree = "<group>"; };
		C104106A1E738CEA001F55AD /* HomeTimeViewController.swift */ = {isa = PBXFileReference; fileEncoding = 4; lastKnownFileType = sourcecode.swift; path = HomeTimeViewController.swift; sourceTree = "<group>"; };
		C104106C1E738DC0001F55AD /* ComposeViewController.swift */ = {isa = PBXFileReference; fileEncoding = 4; lastKnownFileType = sourcecode.swift; path = ComposeViewController.swift; sourceTree = "<group>"; };
		C104106E1E738DE6001F55AD /* TweetDetailsViewController.swift */ = {isa = PBXFileReference; fileEncoding = 4; lastKnownFileType = sourcecode.swift; path = TweetDetailsViewController.swift; sourceTree = "<group>"; };
		C12CF7671E5D30B300B3C79A /* doppel twitter.app */ = {isa = PBXFileReference; explicitFileType = wrapper.application; includeInIndex = 0; path = "doppel twitter.app"; sourceTree = BUILT_PRODUCTS_DIR; };
		C12CF76A1E5D30B300B3C79A /* AppDelegate.swift */ = {isa = PBXFileReference; lastKnownFileType = sourcecode.swift; path = AppDelegate.swift; sourceTree = "<group>"; };
		C12CF76C1E5D30B300B3C79A /* LoginViewController.swift */ = {isa = PBXFileReference; lastKnownFileType = sourcecode.swift; path = LoginViewController.swift; sourceTree = "<group>"; };
		C12CF76F1E5D30B300B3C79A /* Base */ = {isa = PBXFileReference; lastKnownFileType = file.storyboard; name = Base; path = Base.lproj/Main.storyboard; sourceTree = "<group>"; };
		C12CF7711E5D30B300B3C79A /* Assets.xcassets */ = {isa = PBXFileReference; lastKnownFileType = folder.assetcatalog; path = Assets.xcassets; sourceTree = "<group>"; };
		C12CF7741E5D30B300B3C79A /* Base */ = {isa = PBXFileReference; lastKnownFileType = file.storyboard; name = Base; path = Base.lproj/LaunchScreen.storyboard; sourceTree = "<group>"; };
		C12CF7761E5D30B300B3C79A /* Info.plist */ = {isa = PBXFileReference; lastKnownFileType = text.plist.xml; path = Info.plist; sourceTree = "<group>"; };
		C12CF77B1E5D30B300B3C79A /* doppel twitterTests.xctest */ = {isa = PBXFileReference; explicitFileType = wrapper.cfbundle; includeInIndex = 0; path = "doppel twitterTests.xctest"; sourceTree = BUILT_PRODUCTS_DIR; };
		C12CF77F1E5D30B300B3C79A /* doppel_twitterTests.swift */ = {isa = PBXFileReference; lastKnownFileType = sourcecode.swift; path = doppel_twitterTests.swift; sourceTree = "<group>"; };
		C12CF7811E5D30B300B3C79A /* Info.plist */ = {isa = PBXFileReference; lastKnownFileType = text.plist.xml; path = Info.plist; sourceTree = "<group>"; };
		C12CF7861E5D30B300B3C79A /* doppel twitterUITests.xctest */ = {isa = PBXFileReference; explicitFileType = wrapper.cfbundle; includeInIndex = 0; path = "doppel twitterUITests.xctest"; sourceTree = BUILT_PRODUCTS_DIR; };
		C12CF78A1E5D30B300B3C79A /* doppel_twitterUITests.swift */ = {isa = PBXFileReference; lastKnownFileType = sourcecode.swift; path = doppel_twitterUITests.swift; sourceTree = "<group>"; };
		C12CF78C1E5D30B300B3C79A /* Info.plist */ = {isa = PBXFileReference; lastKnownFileType = text.plist.xml; path = Info.plist; sourceTree = "<group>"; };
		C136F8811E62AEB900825B23 /* TwitterViewController.swift */ = {isa = PBXFileReference; fileEncoding = 4; lastKnownFileType = sourcecode.swift; path = TwitterViewController.swift; sourceTree = "<group>"; };
		C136F8851E66510700825B23 /* User.swift */ = {isa = PBXFileReference; fileEncoding = 4; lastKnownFileType = sourcecode.swift; path = User.swift; sourceTree = "<group>"; };
		C136F8871E665CC400825B23 /* Tweet.swift */ = {isa = PBXFileReference; fileEncoding = 4; lastKnownFileType = sourcecode.swift; path = Tweet.swift; sourceTree = "<group>"; };
		C136F8891E6665DB00825B23 /* TweetViewCell.swift */ = {isa = PBXFileReference; fileEncoding = 4; lastKnownFileType = sourcecode.swift; path = TweetViewCell.swift; sourceTree = "<group>"; };
		C136F88B1E66679B00825B23 /* TwitterClient.swift */ = {isa = PBXFileReference; fileEncoding = 4; lastKnownFileType = sourcecode.swift; path = TwitterClient.swift; sourceTree = "<group>"; };
		CEFC524BFA25AC71E19669CA /* Pods-doppel twitter.debug.xcconfig */ = {isa = PBXFileReference; includeInIndex = 1; lastKnownFileType = text.xcconfig; name = "Pods-doppel twitter.debug.xcconfig"; path = "Pods/Target Support Files/Pods-doppel twitter/Pods-doppel twitter.debug.xcconfig"; sourceTree = "<group>"; };
/* End PBXFileReference section */

/* Begin PBXFrameworksBuildPhase section */
		C12CF7641E5D30B300B3C79A /* Frameworks */ = {
			isa = PBXFrameworksBuildPhase;
			buildActionMask = 2147483647;
			files = (
				2B9FF4E28628AC812E74CCF2 /* Pods_doppel_twitter.framework in Frameworks */,
			);
			runOnlyForDeploymentPostprocessing = 0;
		};
		C12CF7781E5D30B300B3C79A /* Frameworks */ = {
			isa = PBXFrameworksBuildPhase;
			buildActionMask = 2147483647;
			files = (
				01617F946E63C86F8AB70E16 /* Pods_doppel_twitterTests.framework in Frameworks */,
			);
			runOnlyForDeploymentPostprocessing = 0;
		};
		C12CF7831E5D30B300B3C79A /* Frameworks */ = {
			isa = PBXFrameworksBuildPhase;
			buildActionMask = 2147483647;
			files = (
				DB200263CFDF4269891D87ED /* Pods_doppel_twitterUITests.framework in Frameworks */,
			);
			runOnlyForDeploymentPostprocessing = 0;
		};
/* End PBXFrameworksBuildPhase section */

/* Begin PBXGroup section */
		6AC60385D97B231AF5EDCEEF /* Frameworks */ = {
			isa = PBXGroup;
			children = (
				2B76AF41F30A71296397A53C /* Pods_doppel_twitter.framework */,
				734ABD442E60459E76C52D6B /* Pods_doppel_twitterTests.framework */,
				594FF45431E6E6FB50689DAC /* Pods_doppel_twitterUITests.framework */,
			);
			name = Frameworks;
			sourceTree = "<group>";
		};
		AB2F3A366D16240DB6229603 /* Pods */ = {
			isa = PBXGroup;
			children = (
				CEFC524BFA25AC71E19669CA /* Pods-doppel twitter.debug.xcconfig */,
				2094C48AE71CB046A7F498BB /* Pods-doppel twitter.release.xcconfig */,
				859450143100F858891DD8DE /* Pods-doppel twitterTests.debug.xcconfig */,
				7041E2BAB5FEB89E85A76766 /* Pods-doppel twitterTests.release.xcconfig */,
				7783B9EC036DAF6BF0A3D22F /* Pods-doppel twitterUITests.debug.xcconfig */,
				9046FFD32B4E13B331060B37 /* Pods-doppel twitterUITests.release.xcconfig */,
			);
			name = Pods;
			sourceTree = "<group>";
		};
		C12CF75E1E5D30B300B3C79A = {
			isa = PBXGroup;
			children = (
				C12CF7691E5D30B300B3C79A /* doppel twitter */,
				C12CF77E1E5D30B300B3C79A /* doppel twitterTests */,
				C12CF7891E5D30B300B3C79A /* doppel twitterUITests */,
				C12CF7681E5D30B300B3C79A /* Products */,
				AB2F3A366D16240DB6229603 /* Pods */,
				6AC60385D97B231AF5EDCEEF /* Frameworks */,
			);
			sourceTree = "<group>";
		};
		C12CF7681E5D30B300B3C79A /* Products */ = {
			isa = PBXGroup;
			children = (
				C12CF7671E5D30B300B3C79A /* doppel twitter.app */,
				C12CF77B1E5D30B300B3C79A /* doppel twitterTests.xctest */,
				C12CF7861E5D30B300B3C79A /* doppel twitterUITests.xctest */,
			);
			name = Products;
			sourceTree = "<group>";
		};
		C12CF7691E5D30B300B3C79A /* doppel twitter */ = {
			isa = PBXGroup;
			children = (
				C12CF76E1E5D30B300B3C79A /* Main.storyboard */,
				C136F88D1E6667A900825B23 /* API */,
				C136F8841E6650D100825B23 /* Model */,
				C12CF76A1E5D30B300B3C79A /* AppDelegate.swift */,
				C12CF7711E5D30B300B3C79A /* Assets.xcassets */,
				C12CF7731E5D30B300B3C79A /* LaunchScreen.storyboard */,
				C12CF7761E5D30B300B3C79A /* Info.plist */,
				C136F8831E66508600825B23 /* View */,
			);
			path = "doppel twitter";
			sourceTree = "<group>";
		};
		C12CF77E1E5D30B300B3C79A /* doppel twitterTests */ = {
			isa = PBXGroup;
			children = (
				C12CF77F1E5D30B300B3C79A /* doppel_twitterTests.swift */,
				C12CF7811E5D30B300B3C79A /* Info.plist */,
			);
			path = "doppel twitterTests";
			sourceTree = "<group>";
		};
		C12CF7891E5D30B300B3C79A /* doppel twitterUITests */ = {
			isa = PBXGroup;
			children = (
				C12CF78A1E5D30B300B3C79A /* doppel_twitterUITests.swift */,
				C12CF78C1E5D30B300B3C79A /* Info.plist */,
			);
			path = "doppel twitterUITests";
			sourceTree = "<group>";
		};
		C136F8831E66508600825B23 /* View */ = {
			isa = PBXGroup;
			children = (
				C136F8811E62AEB900825B23 /* TwitterViewController.swift */,
				C104106E1E738DE6001F55AD /* TweetDetailsViewController.swift */,
				C104106C1E738DC0001F55AD /* ComposeViewController.swift */,
				C136F8891E6665DB00825B23 /* TweetViewCell.swift */,
				C12CF76C1E5D30B300B3C79A /* LoginViewController.swift */,
				C10410681E738BA2001F55AD /* ProfileViewController.swift */,
				C104106A1E738CEA001F55AD /* HomeTimeViewController.swift */,
			);
			name = View;
			sourceTree = "<group>";
		};
		C136F8841E6650D100825B23 /* Model */ = {
			isa = PBXGroup;
			children = (
				C136F8851E66510700825B23 /* User.swift */,
				C136F8871E665CC400825B23 /* Tweet.swift */,
			);
			name = Model;
			sourceTree = "<group>";
		};
		C136F88D1E6667A900825B23 /* API */ = {
			isa = PBXGroup;
			children = (
				C136F88B1E66679B00825B23 /* TwitterClient.swift */,
			);
			name = API;
			sourceTree = "<group>";
		};
/* End PBXGroup section */

/* Begin PBXNativeTarget section */
		C12CF7661E5D30B300B3C79A /* doppel twitter */ = {
			isa = PBXNativeTarget;
			buildConfigurationList = C12CF78F1E5D30B300B3C79A /* Build configuration list for PBXNativeTarget "doppel twitter" */;
			buildPhases = (
				0799DE1828294302E70C0696 /* [CP] Check Pods Manifest.lock */,
				C12CF7631E5D30B300B3C79A /* Sources */,
				C12CF7641E5D30B300B3C79A /* Frameworks */,
				C12CF7651E5D30B300B3C79A /* Resources */,
				684492554C167387DB479C83 /* [CP] Embed Pods Frameworks */,
				0B1B3D125CF33F3FB0D3FF31 /* [CP] Copy Pods Resources */,
			);
			buildRules = (
			);
			dependencies = (
			);
			name = "doppel twitter";
			productName = "doppel twitter";
			productReference = C12CF7671E5D30B300B3C79A /* doppel twitter.app */;
			productType = "com.apple.product-type.application";
		};
		C12CF77A1E5D30B300B3C79A /* doppel twitterTests */ = {
			isa = PBXNativeTarget;
			buildConfigurationList = C12CF7921E5D30B300B3C79A /* Build configuration list for PBXNativeTarget "doppel twitterTests" */;
			buildPhases = (
				A403AE84157085A1E1579521 /* [CP] Check Pods Manifest.lock */,
				C12CF7771E5D30B300B3C79A /* Sources */,
				C12CF7781E5D30B300B3C79A /* Frameworks */,
				C12CF7791E5D30B300B3C79A /* Resources */,
				4AA7290D79963D668D8E805E /* [CP] Embed Pods Frameworks */,
				93F425830E2860DF8FA060C9 /* [CP] Copy Pods Resources */,
			);
			buildRules = (
			);
			dependencies = (
				C12CF77D1E5D30B300B3C79A /* PBXTargetDependency */,
			);
			name = "doppel twitterTests";
			productName = "doppel twitterTests";
			productReference = C12CF77B1E5D30B300B3C79A /* doppel twitterTests.xctest */;
			productType = "com.apple.product-type.bundle.unit-test";
		};
		C12CF7851E5D30B300B3C79A /* doppel twitterUITests */ = {
			isa = PBXNativeTarget;
			buildConfigurationList = C12CF7951E5D30B300B3C79A /* Build configuration list for PBXNativeTarget "doppel twitterUITests" */;
			buildPhases = (
				FC7D0A438B9BAE32F50B9B73 /* [CP] Check Pods Manifest.lock */,
				C12CF7821E5D30B300B3C79A /* Sources */,
				C12CF7831E5D30B300B3C79A /* Frameworks */,
				C12CF7841E5D30B300B3C79A /* Resources */,
				24ACF5B0D74EC9F86E311FB1 /* [CP] Embed Pods Frameworks */,
				E9D72382C99C19CADD08F79E /* [CP] Copy Pods Resources */,
			);
			buildRules = (
			);
			dependencies = (
				C12CF7881E5D30B300B3C79A /* PBXTargetDependency */,
			);
			name = "doppel twitterUITests";
			productName = "doppel twitterUITests";
			productReference = C12CF7861E5D30B300B3C79A /* doppel twitterUITests.xctest */;
			productType = "com.apple.product-type.bundle.ui-testing";
		};
/* End PBXNativeTarget section */

/* Begin PBXProject section */
		C12CF75F1E5D30B300B3C79A /* Project object */ = {
			isa = PBXProject;
			attributes = {
				LastSwiftUpdateCheck = 0820;
				LastUpgradeCheck = 0820;
				ORGANIZATIONNAME = fer;
				TargetAttributes = {
					C12CF7661E5D30B300B3C79A = {
						CreatedOnToolsVersion = 8.2.1;
						ProvisioningStyle = Automatic;
					};
					C12CF77A1E5D30B300B3C79A = {
						CreatedOnToolsVersion = 8.2.1;
						ProvisioningStyle = Automatic;
						TestTargetID = C12CF7661E5D30B300B3C79A;
					};
					C12CF7851E5D30B300B3C79A = {
						CreatedOnToolsVersion = 8.2.1;
						ProvisioningStyle = Automatic;
						TestTargetID = C12CF7661E5D30B300B3C79A;
					};
				};
			};
			buildConfigurationList = C12CF7621E5D30B300B3C79A /* Build configuration list for PBXProject "doppel twitter" */;
			compatibilityVersion = "Xcode 3.2";
			developmentRegion = English;
			hasScannedForEncodings = 0;
			knownRegions = (
				en,
				Base,
			);
			mainGroup = C12CF75E1E5D30B300B3C79A;
			productRefGroup = C12CF7681E5D30B300B3C79A /* Products */;
			projectDirPath = "";
			projectRoot = "";
			targets = (
				C12CF7661E5D30B300B3C79A /* doppel twitter */,
				C12CF77A1E5D30B300B3C79A /* doppel twitterTests */,
				C12CF7851E5D30B300B3C79A /* doppel twitterUITests */,
			);
		};
/* End PBXProject section */

/* Begin PBXResourcesBuildPhase section */
		C12CF7651E5D30B300B3C79A /* Resources */ = {
			isa = PBXResourcesBuildPhase;
			buildActionMask = 2147483647;
			files = (
				C12CF7751E5D30B300B3C79A /* LaunchScreen.storyboard in Resources */,
				C12CF7721E5D30B300B3C79A /* Assets.xcassets in Resources */,
				C12CF7701E5D30B300B3C79A /* Main.storyboard in Resources */,
			);
			runOnlyForDeploymentPostprocessing = 0;
		};
		C12CF7791E5D30B300B3C79A /* Resources */ = {
			isa = PBXResourcesBuildPhase;
			buildActionMask = 2147483647;
			files = (
			);
			runOnlyForDeploymentPostprocessing = 0;
		};
		C12CF7841E5D30B300B3C79A /* Resources */ = {
			isa = PBXResourcesBuildPhase;
			buildActionMask = 2147483647;
			files = (
			);
			runOnlyForDeploymentPostprocessing = 0;
		};
/* End PBXResourcesBuildPhase section */

/* Begin PBXShellScriptBuildPhase section */
		0799DE1828294302E70C0696 /* [CP] Check Pods Manifest.lock */ = {
			isa = PBXShellScriptBuildPhase;
			buildActionMask = 2147483647;
			files = (
			);
			inputPaths = (
			);
			name = "[CP] Check Pods Manifest.lock";
			outputPaths = (
			);
			runOnlyForDeploymentPostprocessing = 0;
			shellPath = /bin/sh;
			shellScript = "diff \"${PODS_ROOT}/../Podfile.lock\" \"${PODS_ROOT}/Manifest.lock\" > /dev/null\nif [ $? != 0 ] ; then\n    # print error to STDERR\n    echo \"error: The sandbox is not in sync with the Podfile.lock. Run 'pod install' or update your CocoaPods installation.\" >&2\n    exit 1\nfi\n";
			showEnvVarsInLog = 0;
		};
		0B1B3D125CF33F3FB0D3FF31 /* [CP] Copy Pods Resources */ = {
			isa = PBXShellScriptBuildPhase;
			buildActionMask = 2147483647;
			files = (
			);
			inputPaths = (
			);
			name = "[CP] Copy Pods Resources";
			outputPaths = (
			);
			runOnlyForDeploymentPostprocessing = 0;
			shellPath = /bin/sh;
			shellScript = "\"${SRCROOT}/Pods/Target Support Files/Pods-doppel twitter/Pods-doppel twitter-resources.sh\"\n";
			showEnvVarsInLog = 0;
		};
		24ACF5B0D74EC9F86E311FB1 /* [CP] Embed Pods Frameworks */ = {
			isa = PBXShellScriptBuildPhase;
			buildActionMask = 2147483647;
			files = (
			);
			inputPaths = (
			);
			name = "[CP] Embed Pods Frameworks";
			outputPaths = (
			);
			runOnlyForDeploymentPostprocessing = 0;
			shellPath = /bin/sh;
			shellScript = "\"${SRCROOT}/Pods/Target Support Files/Pods-doppel twitterUITests/Pods-doppel twitterUITests-frameworks.sh\"\n";
			showEnvVarsInLog = 0;
		};
		4AA7290D79963D668D8E805E /* [CP] Embed Pods Frameworks */ = {
			isa = PBXShellScriptBuildPhase;
			buildActionMask = 2147483647;
			files = (
			);
			inputPaths = (
			);
			name = "[CP] Embed Pods Frameworks";
			outputPaths = (
			);
			runOnlyForDeploymentPostprocessing = 0;
			shellPath = /bin/sh;
			shellScript = "\"${SRCROOT}/Pods/Target Support Files/Pods-doppel twitterTests/Pods-doppel twitterTests-frameworks.sh\"\n";
			showEnvVarsInLog = 0;
		};
		684492554C167387DB479C83 /* [CP] Embed Pods Frameworks */ = {
			isa = PBXShellScriptBuildPhase;
			buildActionMask = 2147483647;
			files = (
			);
			inputPaths = (
			);
			name = "[CP] Embed Pods Frameworks";
			outputPaths = (
			);
			runOnlyForDeploymentPostprocessing = 0;
			shellPath = /bin/sh;
			shellScript = "\"${SRCROOT}/Pods/Target Support Files/Pods-doppel twitter/Pods-doppel twitter-frameworks.sh\"\n";
			showEnvVarsInLog = 0;
		};
		93F425830E2860DF8FA060C9 /* [CP] Copy Pods Resources */ = {
			isa = PBXShellScriptBuildPhase;
			buildActionMask = 2147483647;
			files = (
			);
			inputPaths = (
			);
			name = "[CP] Copy Pods Resources";
			outputPaths = (
			);
			runOnlyForDeploymentPostprocessing = 0;
			shellPath = /bin/sh;
			shellScript = "\"${SRCROOT}/Pods/Target Support Files/Pods-doppel twitterTests/Pods-doppel twitterTests-resources.sh\"\n";
			showEnvVarsInLog = 0;
		};
		A403AE84157085A1E1579521 /* [CP] Check Pods Manifest.lock */ = {
			isa = PBXShellScriptBuildPhase;
			buildActionMask = 2147483647;
			files = (
			);
			inputPaths = (
			);
			name = "[CP] Check Pods Manifest.lock";
			outputPaths = (
			);
			runOnlyForDeploymentPostprocessing = 0;
			shellPath = /bin/sh;
			shellScript = "diff \"${PODS_ROOT}/../Podfile.lock\" \"${PODS_ROOT}/Manifest.lock\" > /dev/null\nif [ $? != 0 ] ; then\n    # print error to STDERR\n    echo \"error: The sandbox is not in sync with the Podfile.lock. Run 'pod install' or update your CocoaPods installation.\" >&2\n    exit 1\nfi\n";
			showEnvVarsInLog = 0;
		};
		E9D72382C99C19CADD08F79E /* [CP] Copy Pods Resources */ = {
			isa = PBXShellScriptBuildPhase;
			buildActionMask = 2147483647;
			files = (
			);
			inputPaths = (
			);
			name = "[CP] Copy Pods Resources";
			outputPaths = (
			);
			runOnlyForDeploymentPostprocessing = 0;
			shellPath = /bin/sh;
			shellScript = "\"${SRCROOT}/Pods/Target Support Files/Pods-doppel twitterUITests/Pods-doppel twitterUITests-resources.sh\"\n";
			showEnvVarsInLog = 0;
		};
		FC7D0A438B9BAE32F50B9B73 /* [CP] Check Pods Manifest.lock */ = {
			isa = PBXShellScriptBuildPhase;
			buildActionMask = 2147483647;
			files = (
			);
			inputPaths = (
			);
			name = "[CP] Check Pods Manifest.lock";
			outputPaths = (
			);
			runOnlyForDeploymentPostprocessing = 0;
			shellPath = /bin/sh;
			shellScript = "diff \"${PODS_ROOT}/../Podfile.lock\" \"${PODS_ROOT}/Manifest.lock\" > /dev/null\nif [ $? != 0 ] ; then\n    # print error to STDERR\n    echo \"error: The sandbox is not in sync with the Podfile.lock. Run 'pod install' or update your CocoaPods installation.\" >&2\n    exit 1\nfi\n";
			showEnvVarsInLog = 0;
		};
/* End PBXShellScriptBuildPhase section */

/* Begin PBXSourcesBuildPhase section */
		C12CF7631E5D30B300B3C79A /* Sources */ = {
			isa = PBXSourcesBuildPhase;
			buildActionMask = 2147483647;
			files = (
				C136F8861E66510700825B23 /* User.swift in Sources */,
				C136F8881E665CC400825B23 /* Tweet.swift in Sources */,
				C104106B1E738CEA001F55AD /* HomeTimeViewController.swift in Sources */,
				C136F8821E62AEB900825B23 /* TwitterViewController.swift in Sources */,
				C104106F1E738DE6001F55AD /* TweetDetailsViewController.swift in Sources */,
				C12CF76D1E5D30B300B3C79A /* LoginViewController.swift in Sources */,
				C104106D1E738DC0001F55AD /* ComposeViewController.swift in Sources */,
				C136F88C1E66679B00825B23 /* TwitterClient.swift in Sources */,
				C136F88A1E6665DB00825B23 /* TweetViewCell.swift in Sources */,
				C10410691E738BA2001F55AD /* ProfileViewController.swift in Sources */,
				C12CF76B1E5D30B300B3C79A /* AppDelegate.swift in Sources */,
			);
			runOnlyForDeploymentPostprocessing = 0;
		};
		C12CF7771E5D30B300B3C79A /* Sources */ = {
			isa = PBXSourcesBuildPhase;
			buildActionMask = 2147483647;
			files = (
				C12CF7801E5D30B300B3C79A /* doppel_twitterTests.swift in Sources */,
			);
			runOnlyForDeploymentPostprocessing = 0;
		};
		C12CF7821E5D30B300B3C79A /* Sources */ = {
			isa = PBXSourcesBuildPhase;
			buildActionMask = 2147483647;
			files = (
				C12CF78B1E5D30B300B3C79A /* doppel_twitterUITests.swift in Sources */,
			);
			runOnlyForDeploymentPostprocessing = 0;
		};
/* End PBXSourcesBuildPhase section */

/* Begin PBXTargetDependency section */
		C12CF77D1E5D30B300B3C79A /* PBXTargetDependency */ = {
			isa = PBXTargetDependency;
			target = C12CF7661E5D30B300B3C79A /* doppel twitter */;
			targetProxy = C12CF77C1E5D30B300B3C79A /* PBXContainerItemProxy */;
		};
		C12CF7881E5D30B300B3C79A /* PBXTargetDependency */ = {
			isa = PBXTargetDependency;
			target = C12CF7661E5D30B300B3C79A /* doppel twitter */;
			targetProxy = C12CF7871E5D30B300B3C79A /* PBXContainerItemProxy */;
		};
/* End PBXTargetDependency section */

/* Begin PBXVariantGroup section */
		C12CF76E1E5D30B300B3C79A /* Main.storyboard */ = {
			isa = PBXVariantGroup;
			children = (
				C12CF76F1E5D30B300B3C79A /* Base */,
			);
			name = Main.storyboard;
			sourceTree = "<group>";
		};
		C12CF7731E5D30B300B3C79A /* LaunchScreen.storyboard */ = {
			isa = PBXVariantGroup;
			children = (
				C12CF7741E5D30B300B3C79A /* Base */,
			);
			name = LaunchScreen.storyboard;
			sourceTree = "<group>";
		};
/* End PBXVariantGroup section */

/* Begin XCBuildConfiguration section */
		C12CF78D1E5D30B300B3C79A /* Debug */ = {
			isa = XCBuildConfiguration;
			buildSettings = {
				ALWAYS_SEARCH_USER_PATHS = NO;
				CLANG_ANALYZER_NONNULL = YES;
				CLANG_CXX_LANGUAGE_STANDARD = "gnu++0x";
				CLANG_CXX_LIBRARY = "libc++";
				CLANG_ENABLE_MODULES = YES;
				CLANG_ENABLE_OBJC_ARC = YES;
				CLANG_WARN_BOOL_CONVERSION = YES;
				CLANG_WARN_CONSTANT_CONVERSION = YES;
				CLANG_WARN_DIRECT_OBJC_ISA_USAGE = YES_ERROR;
				CLANG_WARN_DOCUMENTATION_COMMENTS = YES;
				CLANG_WARN_EMPTY_BODY = YES;
				CLANG_WARN_ENUM_CONVERSION = YES;
				CLANG_WARN_INFINITE_RECURSION = YES;
				CLANG_WARN_INT_CONVERSION = YES;
				CLANG_WARN_OBJC_ROOT_CLASS = YES_ERROR;
				CLANG_WARN_SUSPICIOUS_MOVE = YES;
				CLANG_WARN_UNREACHABLE_CODE = YES;
				CLANG_WARN__DUPLICATE_METHOD_MATCH = YES;
				"CODE_SIGN_IDENTITY[sdk=iphoneos*]" = "iPhone Developer";
				COPY_PHASE_STRIP = NO;
				DEBUG_INFORMATION_FORMAT = dwarf;
				ENABLE_STRICT_OBJC_MSGSEND = YES;
				ENABLE_TESTABILITY = YES;
				GCC_C_LANGUAGE_STANDARD = gnu99;
				GCC_DYNAMIC_NO_PIC = NO;
				GCC_NO_COMMON_BLOCKS = YES;
				GCC_OPTIMIZATION_LEVEL = 0;
				GCC_PREPROCESSOR_DEFINITIONS = (
					"DEBUG=1",
					"$(inherited)",
				);
				GCC_WARN_64_TO_32_BIT_CONVERSION = YES;
				GCC_WARN_ABOUT_RETURN_TYPE = YES_ERROR;
				GCC_WARN_UNDECLARED_SELECTOR = YES;
				GCC_WARN_UNINITIALIZED_AUTOS = YES_AGGRESSIVE;
				GCC_WARN_UNUSED_FUNCTION = YES;
				GCC_WARN_UNUSED_VARIABLE = YES;
				IPHONEOS_DEPLOYMENT_TARGET = 10.2;
				MTL_ENABLE_DEBUG_INFO = YES;
				ONLY_ACTIVE_ARCH = YES;
				SDKROOT = iphoneos;
				SWIFT_ACTIVE_COMPILATION_CONDITIONS = DEBUG;
				SWIFT_OPTIMIZATION_LEVEL = "-Onone";
				TARGETED_DEVICE_FAMILY = "1,2";
			};
			name = Debug;
		};
		C12CF78E1E5D30B300B3C79A /* Release */ = {
			isa = XCBuildConfiguration;
			buildSettings = {
				ALWAYS_SEARCH_USER_PATHS = NO;
				CLANG_ANALYZER_NONNULL = YES;
				CLANG_CXX_LANGUAGE_STANDARD = "gnu++0x";
				CLANG_CXX_LIBRARY = "libc++";
				CLANG_ENABLE_MODULES = YES;
				CLANG_ENABLE_OBJC_ARC = YES;
				CLANG_WARN_BOOL_CONVERSION = YES;
				CLANG_WARN_CONSTANT_CONVERSION = YES;
				CLANG_WARN_DIRECT_OBJC_ISA_USAGE = YES_ERROR;
				CLANG_WARN_DOCUMENTATION_COMMENTS = YES;
				CLANG_WARN_EMPTY_BODY = YES;
				CLANG_WARN_ENUM_CONVERSION = YES;
				CLANG_WARN_INFINITE_RECURSION = YES;
				CLANG_WARN_INT_CONVERSION = YES;
				CLANG_WARN_OBJC_ROOT_CLASS = YES_ERROR;
				CLANG_WARN_SUSPICIOUS_MOVE = YES;
				CLANG_WARN_UNREACHABLE_CODE = YES;
				CLANG_WARN__DUPLICATE_METHOD_MATCH = YES;
				"CODE_SIGN_IDENTITY[sdk=iphoneos*]" = "iPhone Developer";
				COPY_PHASE_STRIP = NO;
				DEBUG_INFORMATION_FORMAT = "dwarf-with-dsym";
				ENABLE_NS_ASSERTIONS = NO;
				ENABLE_STRICT_OBJC_MSGSEND = YES;
				GCC_C_LANGUAGE_STANDARD = gnu99;
				GCC_NO_COMMON_BLOCKS = YES;
				GCC_WARN_64_TO_32_BIT_CONVERSION = YES;
				GCC_WARN_ABOUT_RETURN_TYPE = YES_ERROR;
				GCC_WARN_UNDECLARED_SELECTOR = YES;
				GCC_WARN_UNINITIALIZED_AUTOS = YES_AGGRESSIVE;
				GCC_WARN_UNUSED_FUNCTION = YES;
				GCC_WARN_UNUSED_VARIABLE = YES;
				IPHONEOS_DEPLOYMENT_TARGET = 10.2;
				MTL_ENABLE_DEBUG_INFO = NO;
				SDKROOT = iphoneos;
				SWIFT_OPTIMIZATION_LEVEL = "-Owholemodule";
				TARGETED_DEVICE_FAMILY = "1,2";
				VALIDATE_PRODUCT = YES;
			};
			name = Release;
		};
		C12CF7901E5D30B300B3C79A /* Debug */ = {
			isa = XCBuildConfiguration;
			baseConfigurationReference = CEFC524BFA25AC71E19669CA /* Pods-doppel twitter.debug.xcconfig */;
			buildSettings = {
				ASSETCATALOG_COMPILER_APPICON_NAME = AppIcon;
				INFOPLIST_FILE = "doppel twitter/Info.plist";
				LD_RUNPATH_SEARCH_PATHS = "$(inherited) @executable_path/Frameworks";
				PRODUCT_BUNDLE_IDENTIFIER = "unknown.doppel-twitter";
				PRODUCT_NAME = "$(TARGET_NAME)";
				SWIFT_VERSION = 3.0;
			};
			name = Debug;
		};
		C12CF7911E5D30B300B3C79A /* Release */ = {
			isa = XCBuildConfiguration;
			baseConfigurationReference = 2094C48AE71CB046A7F498BB /* Pods-doppel twitter.release.xcconfig */;
			buildSettings = {
				ASSETCATALOG_COMPILER_APPICON_NAME = AppIcon;
				INFOPLIST_FILE = "doppel twitter/Info.plist";
				LD_RUNPATH_SEARCH_PATHS = "$(inherited) @executable_path/Frameworks";
				PRODUCT_BUNDLE_IDENTIFIER = "unknown.doppel-twitter";
				PRODUCT_NAME = "$(TARGET_NAME)";
				SWIFT_VERSION = 3.0;
			};
			name = Release;
		};
		C12CF7931E5D30B300B3C79A /* Debug */ = {
			isa = XCBuildConfiguration;
			baseConfigurationReference = 859450143100F858891DD8DE /* Pods-doppel twitterTests.debug.xcconfig */;
			buildSettings = {
				ALWAYS_EMBED_SWIFT_STANDARD_LIBRARIES = YES;
				BUNDLE_LOADER = "$(TEST_HOST)";
				INFOPLIST_FILE = "doppel twitterTests/Info.plist";
				LD_RUNPATH_SEARCH_PATHS = "$(inherited) @executable_path/Frameworks @loader_path/Frameworks";
				PRODUCT_BUNDLE_IDENTIFIER = "unknown.doppel-twitterTests";
				PRODUCT_NAME = "$(TARGET_NAME)";
				SWIFT_VERSION = 3.0;
				TEST_HOST = "$(BUILT_PRODUCTS_DIR)/doppel twitter.app/doppel twitter";
			};
			name = Debug;
		};
		C12CF7941E5D30B300B3C79A /* Release */ = {
			isa = XCBuildConfiguration;
			baseConfigurationReference = 7041E2BAB5FEB89E85A76766 /* Pods-doppel twitterTests.release.xcconfig */;
			buildSettings = {
				ALWAYS_EMBED_SWIFT_STANDARD_LIBRARIES = YES;
				BUNDLE_LOADER = "$(TEST_HOST)";
				INFOPLIST_FILE = "doppel twitterTests/Info.plist";
				LD_RUNPATH_SEARCH_PATHS = "$(inherited) @executable_path/Frameworks @loader_path/Frameworks";
				PRODUCT_BUNDLE_IDENTIFIER = "unknown.doppel-twitterTests";
				PRODUCT_NAME = "$(TARGET_NAME)";
				SWIFT_VERSION = 3.0;
				TEST_HOST = "$(BUILT_PRODUCTS_DIR)/doppel twitter.app/doppel twitter";
			};
			name = Release;
		};
		C12CF7961E5D30B300B3C79A /* Debug */ = {
			isa = XCBuildConfiguration;
			baseConfigurationReference = 7783B9EC036DAF6BF0A3D22F /* Pods-doppel twitterUITests.debug.xcconfig */;
			buildSettings = {
				ALWAYS_EMBED_SWIFT_STANDARD_LIBRARIES = YES;
				INFOPLIST_FILE = "doppel twitterUITests/Info.plist";
				LD_RUNPATH_SEARCH_PATHS = "$(inherited) @executable_path/Frameworks @loader_path/Frameworks";
				PRODUCT_BUNDLE_IDENTIFIER = "unknown.doppel-twitterUITests";
				PRODUCT_NAME = "$(TARGET_NAME)";
				SWIFT_VERSION = 3.0;
				TEST_TARGET_NAME = "doppel twitter";
			};
			name = Debug;
		};
		C12CF7971E5D30B300B3C79A /* Release */ = {
			isa = XCBuildConfiguration;
			baseConfigurationReference = 9046FFD32B4E13B331060B37 /* Pods-doppel twitterUITests.release.xcconfig */;
			buildSettings = {
				ALWAYS_EMBED_SWIFT_STANDARD_LIBRARIES = YES;
				INFOPLIST_FILE = "doppel twitterUITests/Info.plist";
				LD_RUNPATH_SEARCH_PATHS = "$(inherited) @executable_path/Frameworks @loader_path/Frameworks";
				PRODUCT_BUNDLE_IDENTIFIER = "unknown.doppel-twitterUITests";
				PRODUCT_NAME = "$(TARGET_NAME)";
				SWIFT_VERSION = 3.0;
				TEST_TARGET_NAME = "doppel twitter";
			};
			name = Release;
		};
/* End XCBuildConfiguration section */

/* Begin XCConfigurationList section */
		C12CF7621E5D30B300B3C79A /* Build configuration list for PBXProject "doppel twitter" */ = {
			isa = XCConfigurationList;
			buildConfigurations = (
				C12CF78D1E5D30B300B3C79A /* Debug */,
				C12CF78E1E5D30B300B3C79A /* Release */,
			);
			defaultConfigurationIsVisible = 0;
			defaultConfigurationName = Release;
		};
		C12CF78F1E5D30B300B3C79A /* Build configuration list for PBXNativeTarget "doppel twitter" */ = {
			isa = XCConfigurationList;
			buildConfigurations = (
				C12CF7901E5D30B300B3C79A /* Debug */,
				C12CF7911E5D30B300B3C79A /* Release */,
			);
			defaultConfigurationIsVisible = 0;
			defaultConfigurationName = Release;
		};
		C12CF7921E5D30B300B3C79A /* Build configuration list for PBXNativeTarget "doppel twitterTests" */ = {
			isa = XCConfigurationList;
			buildConfigurations = (
				C12CF7931E5D30B300B3C79A /* Debug */,
				C12CF7941E5D30B300B3C79A /* Release */,
			);
			defaultConfigurationIsVisible = 0;
			defaultConfigurationName = Release;
		};
		C12CF7951E5D30B300B3C79A /* Build configuration list for PBXNativeTarget "doppel twitterUITests" */ = {
			isa = XCConfigurationList;
			buildConfigurations = (
				C12CF7961E5D30B300B3C79A /* Debug */,
				C12CF7971E5D30B300B3C79A /* Release */,
			);
			defaultConfigurationIsVisible = 0;
			defaultConfigurationName = Release;
		};
/* End XCConfigurationList section */
	};
	rootObject = C12CF75F1E5D30B300B3C79A /* Project object */;
}
